// !$*UTF8*$!
{
	archiveVersion = 1;
	classes = {
	};
	objectVersion = 50;
	objects = {

/* Begin PBXBuildFile section */
		953B051A25ED9417005DAA7F /* SelectedImageView.swift in Sources */ = {isa = PBXBuildFile; fileRef = 953B051925ED9417005DAA7F /* SelectedImageView.swift */; };
		956CA11A25ED784A005FDEF3 /* PageTittleView.swift in Sources */ = {isa = PBXBuildFile; fileRef = 956CA11925ED784A005FDEF3 /* PageTittleView.swift */; };
		956CA11C25ED7A51005FDEF3 /* HistoryRowView.swift in Sources */ = {isa = PBXBuildFile; fileRef = 956CA11B25ED7A51005FDEF3 /* HistoryRowView.swift */; };
		956CA11E25ED7AB9005FDEF3 /* HistoryListView.swift in Sources */ = {isa = PBXBuildFile; fileRef = 956CA11D25ED7AB9005FDEF3 /* HistoryListView.swift */; };
		956CA12025ED7AE8005FDEF3 /* HistoryView.swift in Sources */ = {isa = PBXBuildFile; fileRef = 956CA11F25ED7AE8005FDEF3 /* HistoryView.swift */; };
		956CA12225ED7CCB005FDEF3 /* ListHeaderView.swift in Sources */ = {isa = PBXBuildFile; fileRef = 956CA12125ED7CCB005FDEF3 /* ListHeaderView.swift */; };
		95AAA28B25E6F72300E30F87 /* OrderListView.swift in Sources */ = {isa = PBXBuildFile; fileRef = 95AAA28A25E6F72300E30F87 /* OrderListView.swift */; };
		95AAA28D25E6F84600E30F87 /* MenuListView.swift in Sources */ = {isa = PBXBuildFile; fileRef = 95AAA28C25E6F84600E30F87 /* MenuListView.swift */; };
		95AAA28F25E6F8AE00E30F87 /* ContentHeaderView.swift in Sources */ = {isa = PBXBuildFile; fileRef = 95AAA28E25E6F8AE00E30F87 /* ContentHeaderView.swift */; };
		95AAA29125E6F95F00E30F87 /* OrderRowView.swift in Sources */ = {isa = PBXBuildFile; fileRef = 95AAA29025E6F95F00E30F87 /* OrderRowView.swift */; };
		95AAA29325E6F9E300E30F87 /* MenuRowView.swift in Sources */ = {isa = PBXBuildFile; fileRef = 95AAA29225E6F9E300E30F87 /* MenuRowView.swift */; };
		95AAA29525E6FA2200E30F87 /* RatingsView.swift in Sources */ = {isa = PBXBuildFile; fileRef = 95AAA29425E6FA2200E30F87 /* RatingsView.swift */; };
		95F2910225E6D7B800079491 /* PizzaOrderApp.swift in Sources */ = {isa = PBXBuildFile; fileRef = 95F2910125E6D7B800079491 /* PizzaOrderApp.swift */; };
		95F2910425E6D7B800079491 /* ContentView.swift in Sources */ = {isa = PBXBuildFile; fileRef = 95F2910325E6D7B800079491 /* ContentView.swift */; };
		95F2910625E6D7BA00079491 /* Assets.xcassets in Resources */ = {isa = PBXBuildFile; fileRef = 95F2910525E6D7BA00079491 /* Assets.xcassets */; };
		95F2910925E6D7BA00079491 /* Preview Assets.xcassets in Resources */ = {isa = PBXBuildFile; fileRef = 95F2910825E6D7BA00079491 /* Preview Assets.xcassets */; };
/* End PBXBuildFile section */

/* Begin PBXFileReference section */
		953B051925ED9417005DAA7F /* SelectedImageView.swift */ = {isa = PBXFileReference; lastKnownFileType = sourcecode.swift; path = SelectedImageView.swift; sourceTree = "<group>"; };
		956CA11925ED784A005FDEF3 /* PageTittleView.swift */ = {isa = PBXFileReference; lastKnownFileType = sourcecode.swift; path = PageTittleView.swift; sourceTree = "<group>"; };
		956CA11B25ED7A51005FDEF3 /* HistoryRowView.swift */ = {isa = PBXFileReference; lastKnownFileType = sourcecode.swift; path = HistoryRowView.swift; sourceTree = "<group>"; };
		956CA11D25ED7AB9005FDEF3 /* HistoryListView.swift */ = {isa = PBXFileReference; lastKnownFileType = sourcecode.swift; path = HistoryListView.swift; sourceTree = "<group>"; };
		956CA11F25ED7AE8005FDEF3 /* HistoryView.swift */ = {isa = PBXFileReference; lastKnownFileType = sourcecode.swift; path = HistoryView.swift; sourceTree = "<group>"; };
		956CA12125ED7CCB005FDEF3 /* ListHeaderView.swift */ = {isa = PBXFileReference; lastKnownFileType = sourcecode.swift; path = ListHeaderView.swift; sourceTree = "<group>"; };
		95AAA28A25E6F72300E30F87 /* OrderListView.swift */ = {isa = PBXFileReference; lastKnownFileType = sourcecode.swift; path = OrderListView.swift; sourceTree = "<group>"; };
		95AAA28C25E6F84600E30F87 /* MenuListView.swift */ = {isa = PBXFileReference; lastKnownFileType = sourcecode.swift; path = MenuListView.swift; sourceTree = "<group>"; };
		95AAA28E25E6F8AE00E30F87 /* ContentHeaderView.swift */ = {isa = PBXFileReference; lastKnownFileType = sourcecode.swift; path = ContentHeaderView.swift; sourceTree = "<group>"; };
		95AAA29025E6F95F00E30F87 /* OrderRowView.swift */ = {isa = PBXFileReference; lastKnownFileType = sourcecode.swift; path = OrderRowView.swift; sourceTree = "<group>"; };
		95AAA29225E6F9E300E30F87 /* MenuRowView.swift */ = {isa = PBXFileReference; lastKnownFileType = sourcecode.swift; path = MenuRowView.swift; sourceTree = "<group>"; };
		95AAA29425E6FA2200E30F87 /* RatingsView.swift */ = {isa = PBXFileReference; lastKnownFileType = sourcecode.swift; path = RatingsView.swift; sourceTree = "<group>"; };
		95F290FE25E6D7B800079491 /* PizzaOrder.app */ = {isa = PBXFileReference; explicitFileType = wrapper.application; includeInIndex = 0; path = PizzaOrder.app; sourceTree = BUILT_PRODUCTS_DIR; };
		95F2910125E6D7B800079491 /* PizzaOrderApp.swift */ = {isa = PBXFileReference; lastKnownFileType = sourcecode.swift; path = PizzaOrderApp.swift; sourceTree = "<group>"; };
		95F2910325E6D7B800079491 /* ContentView.swift */ = {isa = PBXFileReference; lastKnownFileType = sourcecode.swift; path = ContentView.swift; sourceTree = "<group>"; };
		95F2910525E6D7BA00079491 /* Assets.xcassets */ = {isa = PBXFileReference; lastKnownFileType = folder.assetcatalog; path = Assets.xcassets; sourceTree = "<group>"; };
		95F2910825E6D7BA00079491 /* Preview Assets.xcassets */ = {isa = PBXFileReference; lastKnownFileType = folder.assetcatalog; path = "Preview Assets.xcassets"; sourceTree = "<group>"; };
		95F2910A25E6D7BA00079491 /* Info.plist */ = {isa = PBXFileReference; lastKnownFileType = text.plist.xml; path = Info.plist; sourceTree = "<group>"; };
/* End PBXFileReference section */

/* Begin PBXFrameworksBuildPhase section */
		95F290FB25E6D7B800079491 /* Frameworks */ = {
			isa = PBXFrameworksBuildPhase;
			buildActionMask = 2147483647;
			files = (
			);
			runOnlyForDeploymentPostprocessing = 0;
		};
/* End PBXFrameworksBuildPhase section */

/* Begin PBXGroup section */
		95AAA28625E6F6E400E30F87 /* HistoryView */ = {
			isa = PBXGroup;
			children = (
				956CA11B25ED7A51005FDEF3 /* HistoryRowView.swift */,
				956CA11D25ED7AB9005FDEF3 /* HistoryListView.swift */,
				956CA11F25ED7AE8005FDEF3 /* HistoryView.swift */,
			);
			path = HistoryView;
			sourceTree = "<group>";
		};
		95AAA28725E6F6EC00E30F87 /* Model */ = {
			isa = PBXGroup;
			children = (
			);
			path = Model;
			sourceTree = "<group>";
		};
		95AAA28825E6F6F300E30F87 /* MenuView */ = {
			isa = PBXGroup;
			children = (
				95AAA28C25E6F84600E30F87 /* MenuListView.swift */,
				95AAA29225E6F9E300E30F87 /* MenuRowView.swift */,
				95AAA29425E6FA2200E30F87 /* RatingsView.swift */,
			);
			path = MenuView;
			sourceTree = "<group>";
		};
		95AAA28925E6F6FA00E30F87 /* OrderView */ = {
			isa = PBXGroup;
			children = (
				95AAA28A25E6F72300E30F87 /* OrderListView.swift */,
				95AAA29025E6F95F00E30F87 /* OrderRowView.swift */,
			);
			path = OrderView;
			sourceTree = "<group>";
		};
		95F290F525E6D7B800079491 = {
			isa = PBXGroup;
			children = (
				95F2910025E6D7B800079491 /* PizzaOrder */,
				95F290FF25E6D7B800079491 /* Products */,
			);
			sourceTree = "<group>";
		};
		95F290FF25E6D7B800079491 /* Products */ = {
			isa = PBXGroup;
			children = (
				95F290FE25E6D7B800079491 /* PizzaOrder.app */,
			);
			name = Products;
			sourceTree = "<group>";
		};
		95F2910025E6D7B800079491 /* PizzaOrder */ = {
			isa = PBXGroup;
			children = (
				956CA12125ED7CCB005FDEF3 /* ListHeaderView.swift */,
				95F2910325E6D7B800079491 /* ContentView.swift */,
				95AAA28E25E6F8AE00E30F87 /* ContentHeaderView.swift */,
				956CA11925ED784A005FDEF3 /* PageTittleView.swift */,
				953B051925ED9417005DAA7F /* SelectedImageView.swift */,
				95AAA28925E6F6FA00E30F87 /* OrderView */,
				95AAA28825E6F6F300E30F87 /* MenuView */,
				95AAA28725E6F6EC00E30F87 /* Model */,
				95AAA28625E6F6E400E30F87 /* HistoryView */,
				95F2910125E6D7B800079491 /* PizzaOrderApp.swift */,
				95F2910525E6D7BA00079491 /* Assets.xcassets */,
				95F2910A25E6D7BA00079491 /* Info.plist */,
				95F2910725E6D7BA00079491 /* Preview Content */,
			);
			path = PizzaOrder;
			sourceTree = "<group>";
		};
		95F2910725E6D7BA00079491 /* Preview Content */ = {
			isa = PBXGroup;
			children = (
				95F2910825E6D7BA00079491 /* Preview Assets.xcassets */,
			);
			path = "Preview Content";
			sourceTree = "<group>";
		};
/* End PBXGroup section */

/* Begin PBXNativeTarget section */
		95F290FD25E6D7B800079491 /* PizzaOrder */ = {
			isa = PBXNativeTarget;
			buildConfigurationList = 95F2910D25E6D7BA00079491 /* Build configuration list for PBXNativeTarget "PizzaOrder" */;
			buildPhases = (
				95F290FA25E6D7B800079491 /* Sources */,
				95F290FB25E6D7B800079491 /* Frameworks */,
				95F290FC25E6D7B800079491 /* Resources */,
			);
			buildRules = (
			);
			dependencies = (
			);
			name = PizzaOrder;
			productName = PizzaOrder;
			productReference = 95F290FE25E6D7B800079491 /* PizzaOrder.app */;
			productType = "com.apple.product-type.application";
		};
/* End PBXNativeTarget section */

/* Begin PBXProject section */
		95F290F625E6D7B800079491 /* Project object */ = {
			isa = PBXProject;
			attributes = {
				LastSwiftUpdateCheck = 1250;
				LastUpgradeCheck = 1250;
				TargetAttributes = {
					95F290FD25E6D7B800079491 = {
						CreatedOnToolsVersion = 12.5;
					};
				};
			};
			buildConfigurationList = 95F290F925E6D7B800079491 /* Build configuration list for PBXProject "PizzaOrder" */;
			compatibilityVersion = "Xcode 9.3";
			developmentRegion = en;
			hasScannedForEncodings = 0;
			knownRegions = (
				en,
				Base,
			);
			mainGroup = 95F290F525E6D7B800079491;
			productRefGroup = 95F290FF25E6D7B800079491 /* Products */;
			projectDirPath = "";
			projectRoot = "";
			targets = (
				95F290FD25E6D7B800079491 /* PizzaOrder */,
			);
		};
/* End PBXProject section */

/* Begin PBXResourcesBuildPhase section */
		95F290FC25E6D7B800079491 /* Resources */ = {
			isa = PBXResourcesBuildPhase;
			buildActionMask = 2147483647;
			files = (
				95F2910925E6D7BA00079491 /* Preview Assets.xcassets in Resources */,
				95F2910625E6D7BA00079491 /* Assets.xcassets in Resources */,
			);
			runOnlyForDeploymentPostprocessing = 0;
		};
/* End PBXResourcesBuildPhase section */

/* Begin PBXSourcesBuildPhase section */
		95F290FA25E6D7B800079491 /* Sources */ = {
			isa = PBXSourcesBuildPhase;
			buildActionMask = 2147483647;
			files = (
				95AAA29125E6F95F00E30F87 /* OrderRowView.swift in Sources */,
				956CA12025ED7AE8005FDEF3 /* HistoryView.swift in Sources */,
				95AAA28F25E6F8AE00E30F87 /* ContentHeaderView.swift in Sources */,
				95F2910425E6D7B800079491 /* ContentView.swift in Sources */,
				95AAA28D25E6F84600E30F87 /* MenuListView.swift in Sources */,
				956CA11A25ED784A005FDEF3 /* PageTittleView.swift in Sources */,
				95F2910225E6D7B800079491 /* PizzaOrderApp.swift in Sources */,
				95AAA29325E6F9E300E30F87 /* MenuRowView.swift in Sources */,
				95AAA28B25E6F72300E30F87 /* OrderListView.swift in Sources */,
				953B051A25ED9417005DAA7F /* SelectedImageView.swift in Sources */,
				956CA11C25ED7A51005FDEF3 /* HistoryRowView.swift in Sources */,
				956CA12225ED7CCB005FDEF3 /* ListHeaderView.swift in Sources */,
				95AAA29525E6FA2200E30F87 /* RatingsView.swift in Sources */,
				956CA11E25ED7AB9005FDEF3 /* HistoryListView.swift in Sources */,
			);
			runOnlyForDeploymentPostprocessing = 0;
		};
/* End PBXSourcesBuildPhase section */

/* Begin XCBuildConfiguration section */
		95F2910B25E6D7BA00079491 /* Debug */ = {
			isa = XCBuildConfiguration;
			buildSettings = {
				ALWAYS_SEARCH_USER_PATHS = NO;
				CLANG_ANALYZER_NONNULL = YES;
				CLANG_ANALYZER_NUMBER_OBJECT_CONVERSION = YES_AGGRESSIVE;
				CLANG_CXX_LANGUAGE_STANDARD = "gnu++14";
				CLANG_CXX_LIBRARY = "libc++";
				CLANG_ENABLE_MODULES = YES;
				CLANG_ENABLE_OBJC_ARC = YES;
				CLANG_ENABLE_OBJC_WEAK = YES;
				CLANG_WARN_BLOCK_CAPTURE_AUTORELEASING = YES;
				CLANG_WARN_BOOL_CONVERSION = YES;
				CLANG_WARN_COMMA = YES;
				CLANG_WARN_CONSTANT_CONVERSION = YES;
				CLANG_WARN_DEPRECATED_OBJC_IMPLEMENTATIONS = YES;
				CLANG_WARN_DIRECT_OBJC_ISA_USAGE = YES_ERROR;
				CLANG_WARN_DOCUMENTATION_COMMENTS = YES;
				CLANG_WARN_EMPTY_BODY = YES;
				CLANG_WARN_ENUM_CONVERSION = YES;
				CLANG_WARN_INFINITE_RECURSION = YES;
				CLANG_WARN_INT_CONVERSION = YES;
				CLANG_WARN_NON_LITERAL_NULL_CONVERSION = YES;
				CLANG_WARN_OBJC_IMPLICIT_RETAIN_SELF = YES;
				CLANG_WARN_OBJC_LITERAL_CONVERSION = YES;
				CLANG_WARN_OBJC_ROOT_CLASS = YES_ERROR;
				CLANG_WARN_QUOTED_INCLUDE_IN_FRAMEWORK_HEADER = YES;
				CLANG_WARN_RANGE_LOOP_ANALYSIS = YES;
				CLANG_WARN_STRICT_PROTOTYPES = YES;
				CLANG_WARN_SUSPICIOUS_MOVE = YES;
				CLANG_WARN_UNGUARDED_AVAILABILITY = YES_AGGRESSIVE;
				CLANG_WARN_UNREACHABLE_CODE = YES;
				CLANG_WARN__DUPLICATE_METHOD_MATCH = YES;
				COPY_PHASE_STRIP = NO;
				DEBUG_INFORMATION_FORMAT = dwarf;
				ENABLE_STRICT_OBJC_MSGSEND = YES;
				ENABLE_TESTABILITY = YES;
				GCC_C_LANGUAGE_STANDARD = gnu11;
				GCC_DYNAMIC_NO_PIC = NO;
				GCC_NO_COMMON_BLOCKS = YES;
				GCC_OPTIMIZATION_LEVEL = 0;
				GCC_PREPROCESSOR_DEFINITIONS = (
					"DEBUG=1",
					"$(inherited)",
				);
				GCC_WARN_64_TO_32_BIT_CONVERSION = YES;
				GCC_WARN_ABOUT_RETURN_TYPE = YES_ERROR;
				GCC_WARN_UNDECLARED_SELECTOR = YES;
				GCC_WARN_UNINITIALIZED_AUTOS = YES_AGGRESSIVE;
				GCC_WARN_UNUSED_FUNCTION = YES;
				GCC_WARN_UNUSED_VARIABLE = YES;
				IPHONEOS_DEPLOYMENT_TARGET = 14.5;
				MTL_ENABLE_DEBUG_INFO = INCLUDE_SOURCE;
				MTL_FAST_MATH = YES;
				ONLY_ACTIVE_ARCH = YES;
				SDKROOT = iphoneos;
				SWIFT_ACTIVE_COMPILATION_CONDITIONS = DEBUG;
				SWIFT_OPTIMIZATION_LEVEL = "-Onone";
			};
			name = Debug;
		};
		95F2910C25E6D7BA00079491 /* Release */ = {
			isa = XCBuildConfiguration;
			buildSettings = {
				ALWAYS_SEARCH_USER_PATHS = NO;
				CLANG_ANALYZER_NONNULL = YES;
				CLANG_ANALYZER_NUMBER_OBJECT_CONVERSION = YES_AGGRESSIVE;
				CLANG_CXX_LANGUAGE_STANDARD = "gnu++14";
				CLANG_CXX_LIBRARY = "libc++";
				CLANG_ENABLE_MODULES = YES;
				CLANG_ENABLE_OBJC_ARC = YES;
				CLANG_ENABLE_OBJC_WEAK = YES;
				CLANG_WARN_BLOCK_CAPTURE_AUTORELEASING = YES;
				CLANG_WARN_BOOL_CONVERSION = YES;
				CLANG_WARN_COMMA = YES;
				CLANG_WARN_CONSTANT_CONVERSION = YES;
				CLANG_WARN_DEPRECATED_OBJC_IMPLEMENTATIONS = YES;
				CLANG_WARN_DIRECT_OBJC_ISA_USAGE = YES_ERROR;
				CLANG_WARN_DOCUMENTATION_COMMENTS = YES;
				CLANG_WARN_EMPTY_BODY = YES;
				CLANG_WARN_ENUM_CONVERSION = YES;
				CLANG_WARN_INFINITE_RECURSION = YES;
				CLANG_WARN_INT_CONVERSION = YES;
				CLANG_WARN_NON_LITERAL_NULL_CONVERSION = YES;
				CLANG_WARN_OBJC_IMPLICIT_RETAIN_SELF = YES;
				CLANG_WARN_OBJC_LITERAL_CONVERSION = YES;
				CLANG_WARN_OBJC_ROOT_CLASS = YES_ERROR;
				CLANG_WARN_QUOTED_INCLUDE_IN_FRAMEWORK_HEADER = YES;
				CLANG_WARN_RANGE_LOOP_ANALYSIS = YES;
				CLANG_WARN_STRICT_PROTOTYPES = YES;
				CLANG_WARN_SUSPICIOUS_MOVE = YES;
				CLANG_WARN_UNGUARDED_AVAILABILITY = YES_AGGRESSIVE;
				CLANG_WARN_UNREACHABLE_CODE = YES;
				CLANG_WARN__DUPLICATE_METHOD_MATCH = YES;
				COPY_PHASE_STRIP = NO;
				DEBUG_INFORMATION_FORMAT = "dwarf-with-dsym";
				ENABLE_NS_ASSERTIONS = NO;
				ENABLE_STRICT_OBJC_MSGSEND = YES;
				GCC_C_LANGUAGE_STANDARD = gnu11;
				GCC_NO_COMMON_BLOCKS = YES;
				GCC_WARN_64_TO_32_BIT_CONVERSION = YES;
				GCC_WARN_ABOUT_RETURN_TYPE = YES_ERROR;
				GCC_WARN_UNDECLARED_SELECTOR = YES;
				GCC_WARN_UNINITIALIZED_AUTOS = YES_AGGRESSIVE;
				GCC_WARN_UNUSED_FUNCTION = YES;
				GCC_WARN_UNUSED_VARIABLE = YES;
				IPHONEOS_DEPLOYMENT_TARGET = 14.5;
				MTL_ENABLE_DEBUG_INFO = NO;
				MTL_FAST_MATH = YES;
				SDKROOT = iphoneos;
				SWIFT_COMPILATION_MODE = wholemodule;
				SWIFT_OPTIMIZATION_LEVEL = "-O";
				VALIDATE_PRODUCT = YES;
			};
			name = Release;
		};
		95F2910E25E6D7BA00079491 /* Debug */ = {
			isa = XCBuildConfiguration;
			buildSettings = {
				ASSETCATALOG_COMPILER_APPICON_NAME = AppIcon;
				ASSETCATALOG_COMPILER_GLOBAL_ACCENT_COLOR_NAME = AccentColor;
				CODE_SIGN_STYLE = Automatic;
				DEVELOPMENT_ASSET_PATHS = "\"PizzaOrder/Preview Content\"";
				DEVELOPMENT_TEAM = VHY8M3BHZD;
				ENABLE_PREVIEWS = YES;
				INFOPLIST_FILE = PizzaOrder/Info.plist;
				IPHONEOS_DEPLOYMENT_TARGET = 14.0;
				LD_RUNPATH_SEARCH_PATHS = (
					"$(inherited)",
					"@executable_path/Frameworks",
				);
				PRODUCT_BUNDLE_IDENTIFIER = jeannchuab.PizzaOrder;
				PRODUCT_NAME = "$(TARGET_NAME)";
				SWIFT_VERSION = 5.0;
				TARGETED_DEVICE_FAMILY = "1,2";
			};
			name = Debug;
		};
		95F2910F25E6D7BA00079491 /* Release */ = {
			isa = XCBuildConfiguration;
			buildSettings = {
				ASSETCATALOG_COMPILER_APPICON_NAME = AppIcon;
				ASSETCATALOG_COMPILER_GLOBAL_ACCENT_COLOR_NAME = AccentColor;
				CODE_SIGN_STYLE = Automatic;
				DEVELOPMENT_ASSET_PATHS = "\"PizzaOrder/Preview Content\"";
				DEVELOPMENT_TEAM = VHY8M3BHZD;
				ENABLE_PREVIEWS = YES;
				INFOPLIST_FILE = PizzaOrder/Info.plist;
				IPHONEOS_DEPLOYMENT_TARGET = 14.0;
				LD_RUNPATH_SEARCH_PATHS = (
					"$(inherited)",
					"@executable_path/Frameworks",
				);
				PRODUCT_BUNDLE_IDENTIFIER = jeannchuab.PizzaOrder;
				PRODUCT_NAME = "$(TARGET_NAME)";
				SWIFT_VERSION = 5.0;
				TARGETED_DEVICE_FAMILY = "1,2";
			};
			name = Release;
		};
/* End XCBuildConfiguration section */

/* Begin XCConfigurationList section */
		95F290F925E6D7B800079491 /* Build configuration list for PBXProject "PizzaOrder" */ = {
			isa = XCConfigurationList;
			buildConfigurations = (
				95F2910B25E6D7BA00079491 /* Debug */,
				95F2910C25E6D7BA00079491 /* Release */,
			);
			defaultConfigurationIsVisible = 0;
			defaultConfigurationName = Release;
		};
		95F2910D25E6D7BA00079491 /* Build configuration list for PBXNativeTarget "PizzaOrder" */ = {
			isa = XCConfigurationList;
			buildConfigurations = (
				95F2910E25E6D7BA00079491 /* Debug */,
				95F2910F25E6D7BA00079491 /* Release */,
			);
			defaultConfigurationIsVisible = 0;
			defaultConfigurationName = Release;
		};
/* End XCConfigurationList section */
	};
	rootObject = 95F290F625E6D7B800079491 /* Project object */;
}
